
Microsoft Visual Studio Solution File, Format Version 12.00
# Visual Studio Version 17
VisualStudioVersion = 17.13.35806.99
MinimumVisualStudioVersion = 10.0.40219.1
Project("{FAE04EC0-301F-11D3-BF4B-00C04F79EFBC}") = "MarkaziaBITStore", "MarkaziaBITStore\MarkaziaBITStore.csproj", "{DF303A1A-8993-4E38-2AA8-661A67AAACC0}"
EndProject
Project("{FAE04EC0-301F-11D3-BF4B-00C04F79EFBC}") = "MarkaziaBITStore.Application", "MarkaziaBITStore.Application\MarkaziaBITStore.Application.csproj", "{FBA8C40E-EB5C-499B-8266-8001BE72B743}"
EndProject
Project("{FAE04EC0-301F-11D3-BF4B-00C04F79EFBC}") = "MarkaziaWebCommon", "..\Markazia-Standards\MarkaziaWebCommon\MarkaziaWebCommon.csproj", "{BDBCB359-AD5D-B0FB-3F0F-1F6DBA591FC0}"
EndProject
Project("{FAE04EC0-301F-11D3-BF4B-00C04F79EFBC}") = "MarkaziaBITStore.Shared", "MarkaziaBITStore.Shared\MarkaziaBITStore.Shared.csproj", "{DEA43B80-3C96-43E1-8BBF-B420505EE560}"
EndProject
Global
	GlobalSection(SolutionConfigurationPlatforms) = preSolution
		Debug|Any CPU = Debug|Any CPU
		Release|Any CPU = Release|Any CPU
	EndGlobalSection
	GlobalSection(ProjectConfigurationPlatforms) = postSolution
		{DF303A1A-8993-4E38-2AA8-661A67AAACC0}.Debug|Any CPU.ActiveCfg = Debug|Any CPU
		{DF303A1A-8993-4E38-2AA8-661A67AAACC0}.Debug|Any CPU.Build.0 = Debug|Any CPU
		{DF303A1A-8993-4E38-2AA8-661A67AAACC0}.Release|Any CPU.ActiveCfg = Release|Any CPU
		{DF303A1A-8993-4E38-2AA8-661A67AAACC0}.Release|Any CPU.Build.0 = Release|Any CPU
		{FBA8C40E-EB5C-499B-8266-8001BE72B743}.Debug|Any CPU.ActiveCfg = Debug|Any CPU
		{FBA8C40E-EB5C-499B-8266-8001BE72B743}.Debug|Any CPU.Build.0 = Debug|Any CPU
		{FBA8C40E-EB5C-499B-8266-8001BE72B743}.Release|Any CPU.ActiveCfg = Release|Any CPU
		{FBA8C40E-EB5C-499B-8266-8001BE72B743}.Release|Any CPU.Build.0 = Release|Any CPU
		{BDBCB359-AD5D-B0FB-3F0F-1F6DBA591FC0}.Debug|Any CPU.ActiveCfg = Debug|Any CPU
		{BDBCB359-AD5D-B0FB-3F0F-1F6DBA591FC0}.Debug|Any CPU.Build.0 = Debug|Any CPU
		{BDBCB359-AD5D-B0FB-3F0F-1F6DBA591FC0}.Release|Any CPU.ActiveCfg = Release|Any CPU
		{BDBCB359-AD5D-B0FB-3F0F-1F6DBA591FC0}.Release|Any CPU.Build.0 = Release|Any CPU
		{DEA43B80-3C96-43E1-8BBF-B420505EE560}.Debug|Any CPU.ActiveCfg = Debug|Any CPU
		{DEA43B80-3C96-43E1-8BBF-B420505EE560}.Debug|Any CPU.Build.0 = Debug|Any CPU
		{DEA43B80-3C96-43E1-8BBF-B420505EE560}.Release|Any CPU.ActiveCfg = Release|Any CPU
		{DEA43B80-3C96-43E1-8BBF-B420505EE560}.Release|Any CPU.Build.0 = Release|Any CPU
	EndGlobalSection
	GlobalSection(SolutionProperties) = preSolution
		HideSolutionNode = FALSE
	EndGlobalSection
	GlobalSection(ExtensibilityGlobals) = postSolution
		SolutionGuid = {19280DBA-63BB-4A8E-8872-DA1C4B4CD971}
	EndGlobalSection
EndGlobal
